// !$*UTF8*$!
{
	archiveVersion = 1;
	classes = {
	};
	objectVersion = 46;
	objects = {

/* Begin PBXBuildFile section */
		18106EEE1D914C9B0017A17D /* AppDelegate.swift in Sources */ = {isa = PBXBuildFile; fileRef = 18106EED1D914C9B0017A17D /* AppDelegate.swift */; };
		18106EF01D914C9B0017A17D /* ViewController.swift in Sources */ = {isa = PBXBuildFile; fileRef = 18106EEF1D914C9B0017A17D /* ViewController.swift */; };
		18106EF31D914C9B0017A17D /* Main.storyboard in Resources */ = {isa = PBXBuildFile; fileRef = 18106EF11D914C9B0017A17D /* Main.storyboard */; };
		18106EF51D914C9B0017A17D /* Assets.xcassets in Resources */ = {isa = PBXBuildFile; fileRef = 18106EF41D914C9B0017A17D /* Assets.xcassets */; };
		18106EF81D914C9B0017A17D /* LaunchScreen.storyboard in Resources */ = {isa = PBXBuildFile; fileRef = 18106EF61D914C9B0017A17D /* LaunchScreen.storyboard */; };
		18106F041D9152130017A17D /* GetWeather.swift in Sources */ = {isa = PBXBuildFile; fileRef = 18106F031D9152130017A17D /* GetWeather.swift */; };
		18106F061D926D3D0017A17D /* Weather.swift in Sources */ = {isa = PBXBuildFile; fileRef = 18106F051D926D3D0017A17D /* Weather.swift */; };
/* End PBXBuildFile section */

/* Begin PBXFileReference section */
		18106EEA1D914C9B0017A17D /* Weather.app */ = {isa = PBXFileReference; explicitFileType = wrapper.application; includeInIndex = 0; path = Weather.app; sourceTree = BUILT_PRODUCTS_DIR; };
		18106EED1D914C9B0017A17D /* AppDelegate.swift */ = {isa = PBXFileReference; lastKnownFileType = sourcecode.swift; path = AppDelegate.swift; sourceTree = "<group>"; };
		18106EEF1D914C9B0017A17D /* ViewController.swift */ = {isa = PBXFileReference; lastKnownFileType = sourcecode.swift; path = ViewController.swift; sourceTree = "<group>"; };
		18106EF21D914C9B0017A17D /* Base */ = {isa = PBXFileReference; lastKnownFileType = file.storyboard; name = Base; path = Base.lproj/Main.storyboard; sourceTree = "<group>"; };
		18106EF41D914C9B0017A17D /* Assets.xcassets */ = {isa = PBXFileReference; lastKnownFileType = folder.assetcatalog; path = Assets.xcassets; sourceTree = "<group>"; };
		18106EF71D914C9B0017A17D /* Base */ = {isa = PBXFileReference; lastKnownFileType = file.storyboard; name = Base; path = Base.lproj/LaunchScreen.storyboard; sourceTree = "<group>"; };
		18106EF91D914C9B0017A17D /* Info.plist */ = {isa = PBXFileReference; lastKnownFileType = text.plist.xml; path = Info.plist; sourceTree = "<group>"; };
		18106F031D9152130017A17D /* GetWeather.swift */ = {isa = PBXFileReference; fileEncoding = 4; lastKnownFileType = sourcecode.swift; path = GetWeather.swift; sourceTree = "<group>"; };
		18106F051D926D3D0017A17D /* Weather.swift */ = {isa = PBXFileReference; fileEncoding = 4; lastKnownFileType = sourcecode.swift; path = Weather.swift; sourceTree = "<group>"; };
/* End PBXFileReference section */

/* Begin PBXFrameworksBuildPhase section */
		18106EE71D914C9B0017A17D /* Frameworks */ = {
			isa = PBXFrameworksBuildPhase;
			buildActionMask = 2147483647;
			files = (
			);
			runOnlyForDeploymentPostprocessing = 0;
		};
/* End PBXFrameworksBuildPhase section */

/* Begin PBXGroup section */
		18106EE11D914C9B0017A17D = {
			isa = PBXGroup;
			children = (
				18106EEC1D914C9B0017A17D /* Weather */,
				18106EEB1D914C9B0017A17D /* Products */,
			);
			sourceTree = "<group>";
		};
		18106EEB1D914C9B0017A17D /* Products */ = {
			isa = PBXGroup;
			children = (
				18106EEA1D914C9B0017A17D /* Weather.app */,
			);
			name = Products;
			sourceTree = "<group>";
		};
		18106EEC1D914C9B0017A17D /* Weather */ = {
			isa = PBXGroup;
			children = (
				18106EED1D914C9B0017A17D /* AppDelegate.swift */,
				18106EEF1D914C9B0017A17D /* ViewController.swift */,
				18106F031D9152130017A17D /* GetWeather.swift */,
				18106F051D926D3D0017A17D /* Weather.swift */,
				18106EF11D914C9B0017A17D /* Main.storyboard */,
				18106EF41D914C9B0017A17D /* Assets.xcassets */,
				18106EF61D914C9B0017A17D /* LaunchScreen.storyboard */,
				18106EF91D914C9B0017A17D /* Info.plist */,
			);
			path = Weather;
			sourceTree = "<group>";
		};
/* End PBXGroup section */

/* Begin PBXNativeTarget section */
		18106EE91D914C9B0017A17D /* Weather */ = {
			isa = PBXNativeTarget;
			buildConfigurationList = 18106EFC1D914C9B0017A17D /* Build configuration list for PBXNativeTarget "Weather" */;
			buildPhases = (
				18106EE61D914C9B0017A17D /* Sources */,
				18106EE71D914C9B0017A17D /* Frameworks */,
				18106EE81D914C9B0017A17D /* Resources */,
			);
			buildRules = (
			);
			dependencies = (
			);
			name = Weather;
			productName = Weather;
			productReference = 18106EEA1D914C9B0017A17D /* Weather.app */;
			productType = "com.apple.product-type.application";
		};
/* End PBXNativeTarget section */

/* Begin PBXProject section */
		18106EE21D914C9B0017A17D /* Project object */ = {
			isa = PBXProject;
			attributes = {
				LastSwiftUpdateCheck = 0730;
				LastUpgradeCheck = 0730;
				ORGANIZATIONNAME = "___Heloise Andrade___";
				TargetAttributes = {
					18106EE91D914C9B0017A17D = {
						CreatedOnToolsVersion = 7.3;
						LastSwiftMigration = 0800;
					};
				};
			};
			buildConfigurationList = 18106EE51D914C9B0017A17D /* Build configuration list for PBXProject "Weather" */;
			compatibilityVersion = "Xcode 3.2";
			developmentRegion = English;
			hasScannedForEncodings = 0;
			knownRegions = (
				en,
				Base,
			);
			mainGroup = 18106EE11D914C9B0017A17D;
			productRefGroup = 18106EEB1D914C9B0017A17D /* Products */;
			projectDirPath = "";
			projectRoot = "";
			targets = (
				18106EE91D914C9B0017A17D /* Weather */,
			);
		};
/* End PBXProject section */

/* Begin PBXResourcesBuildPhase section */
		18106EE81D914C9B0017A17D /* Resources */ = {
			isa = PBXResourcesBuildPhase;
			buildActionMask = 2147483647;
			files = (
				18106EF81D914C9B0017A17D /* LaunchScreen.storyboard in Resources */,
				18106EF51D914C9B0017A17D /* Assets.xcassets in Resources */,
				18106EF31D914C9B0017A17D /* Main.storyboard in Resources */,
			);
			runOnlyForDeploymentPostprocessing = 0;
		};
/* End PBXResourcesBuildPhase section */

/* Begin PBXSourcesBuildPhase section */
		18106EE61D914C9B0017A17D /* Sources */ = {
			isa = PBXSourcesBuildPhase;
			buildActionMask = 2147483647;
			files = (
				18106F061D926D3D0017A17D /* Weather.swift in Sources */,
				18106F041D9152130017A17D /* GetWeather.swift in Sources */,
				18106EF01D914C9B0017A17D /* ViewController.swift in Sources */,
				18106EEE1D914C9B0017A17D /* AppDelegate.swift in Sources */,
			);
			runOnlyForDeploymentPostprocessing = 0;
		};
/* End PBXSourcesBuildPhase section */

/* Begin PBXVariantGroup section */
		18106EF11D914C9B0017A17D /* Main.storyboard */ = {
			isa = PBXVariantGroup;
			children = (
				18106EF21D914C9B0017A17D /* Base */,
			);
			name = Main.storyboard;
			sourceTree = "<group>";
		};
		18106EF61D914C9B0017A17D /* LaunchScreen.storyboard */ = {
			isa = PBXVariantGroup;
			children = (
				18106EF71D914C9B0017A17D /* Base */,
			);
			name = LaunchScreen.storyboard;
			sourceTree = "<group>";
		};
/* End PBXVariantGroup section */

/* Begin XCBuildConfiguration section */
		18106EFA1D914C9B0017A17D /* Debug */ = {
			isa = XCBuildConfiguration;
			buildSettings = {
				ALWAYS_SEARCH_USER_PATHS = NO;
				CLANG_ANALYZER_NONNULL = YES;
				CLANG_CXX_LANGUAGE_STANDARD = "gnu++0x";
				CLANG_CXX_LIBRARY = "libc++";
				CLANG_ENABLE_MODULES = YES;
				CLANG_ENABLE_OBJC_ARC = YES;
				CLANG_WARN_BOOL_CONVERSION = YES;
				CLANG_WARN_CONSTANT_CONVERSION = YES;
				CLANG_WARN_DIRECT_OBJC_ISA_USAGE = YES_ERROR;
				CLANG_WARN_EMPTY_BODY = YES;
				CLANG_WARN_ENUM_CONVERSION = YES;
				CLANG_WARN_INT_CONVERSION = YES;
				CLANG_WARN_OBJC_ROOT_CLASS = YES_ERROR;
				CLANG_WARN_UNREACHABLE_CODE = YES;
				CLANG_WARN__DUPLICATE_METHOD_MATCH = YES;
				"CODE_SIGN_IDENTITY[sdk=iphoneos*]" = "iPhone Developer";
				COPY_PHASE_STRIP = NO;
				DEBUG_INFORMATION_FORMAT = dwarf;
				ENABLE_STRICT_OBJC_MSGSEND = YES;
				ENABLE_TESTABILITY = YES;
				GCC_C_LANGUAGE_STANDARD = gnu99;
				GCC_DYNAMIC_NO_PIC = NO;
				GCC_NO_COMMON_BLOCKS = YES;
				GCC_OPTIMIZATION_LEVEL = 0;
				GCC_PREPROCESSOR_DEFINITIONS = (
					"DEBUG=1",
					"$(inherited)",
				);
				GCC_WARN_64_TO_32_BIT_CONVERSION = YES;
				GCC_WARN_ABOUT_RETURN_TYPE = YES_ERROR;
				GCC_WARN_UNDECLARED_SELECTOR = YES;
				GCC_WARN_UNINITIALIZED_AUTOS = YES_AGGRESSIVE;
				GCC_WARN_UNUSED_FUNCTION = YES;
				GCC_WARN_UNUSED_VARIABLE = YES;
				IPHONEOS_DEPLOYMENT_TARGET = 9.3;
				MTL_ENABLE_DEBUG_INFO = YES;
				ONLY_ACTIVE_ARCH = YES;
				SDKROOT = iphoneos;
				SWIFT_OPTIMIZATION_LEVEL = "-Onone";
				TARGETED_DEVICE_FAMILY = "1,2";
			};
			name = Debug;
		};
		18106EFB1D914C9B0017A17D /* Release */ = {
			isa = XCBuildConfiguration;
			buildSettings = {
				ALWAYS_SEARCH_USER_PATHS = NO;
				CLANG_ANALYZER_NONNULL = YES;
				CLANG_CXX_LANGUAGE_STANDARD = "gnu++0x";
				CLANG_CXX_LIBRARY = "libc++";
				CLANG_ENABLE_MODULES = YES;
				CLANG_ENABLE_OBJC_ARC = YES;
				CLANG_WARN_BOOL_CONVERSION = YES;
				CLANG_WARN_CONSTANT_CONVERSION = YES;
				CLANG_WARN_DIRECT_OBJC_ISA_USAGE = YES_ERROR;
				CLANG_WARN_EMPTY_BODY = YES;
				CLANG_WARN_ENUM_CONVERSION = YES;
				CLANG_WARN_INT_CONVERSION = YES;
				CLANG_WARN_OBJC_ROOT_CLASS = YES_ERROR;
				CLANG_WARN_UNREACHABLE_CODE = YES;
				CLANG_WARN__DUPLICATE_METHOD_MATCH = YES;
				"CODE_SIGN_IDENTITY[sdk=iphoneos*]" = "iPhone Developer";
				COPY_PHASE_STRIP = NO;
				DEBUG_INFORMATION_FORMAT = "dwarf-with-dsym";
				ENABLE_NS_ASSERTIONS = NO;
				ENABLE_STRICT_OBJC_MSGSEND = YES;
				GCC_C_LANGUAGE_STANDARD = gnu99;
				GCC_NO_COMMON_BLOCKS = YES;
				GCC_WARN_64_TO_32_BIT_CONVERSION = YES;
				GCC_WARN_ABOUT_RETURN_TYPE = YES_ERROR;
				GCC_WARN_UNDECLARED_SELECTOR = YES;
				GCC_WARN_UNINITIALIZED_AUTOS = YES_AGGRESSIVE;
				GCC_WARN_UNUSED_FUNCTION = YES;
				GCC_WARN_UNUSED_VARIABLE = YES;
				IPHONEOS_DEPLOYMENT_TARGET = 9.3;
				MTL_ENABLE_DEBUG_INFO = NO;
				SDKROOT = iphoneos;
				TARGETED_DEVICE_FAMILY = "1,2";
				VALIDATE_PRODUCT = YES;
			};
			name = Release;
		};
		18106EFD1D914C9B0017A17D /* Debug */ = {
			isa = XCBuildConfiguration;
			buildSettings = {
				ASSETCATALOG_COMPILER_APPICON_NAME = AppIcon;
				INFOPLIST_FILE = Weather/Info.plist;
				LD_RUNPATH_SEARCH_PATHS = "$(inherited) @executable_path/Frameworks";
				PRODUCT_BUNDLE_IDENTIFIER = com.heloise.Weather;
				PRODUCT_NAME = "$(TARGET_NAME)";
				SWIFT_VERSION = 3.0;
			};
			name = Debug;
		};
		18106EFE1D914C9B0017A17D /* Release */ = {
			isa = XCBuildConfiguration;
			buildSettings = {
				ASSETCATALOG_COMPILER_APPICON_NAME = AppIcon;
				INFOPLIST_FILE = Weather/Info.plist;
				LD_RUNPATH_SEARCH_PATHS = "$(inherited) @executable_path/Frameworks";
				PRODUCT_BUNDLE_IDENTIFIER = com.heloise.Weather;
				PRODUCT_NAME = "$(TARGET_NAME)";
				SWIFT_VERSION = 3.0;
			};
			name = Release;
		};
/* End XCBuildConfiguration section */

/* Begin XCConfigurationList section */
		18106EE51D914C9B0017A17D /* Build configuration list for PBXProject "Weather" */ = {
			isa = XCConfigurationList;
			buildConfigurations = (
				18106EFA1D914C9B0017A17D /* Debug */,
				18106EFB1D914C9B0017A17D /* Release */,
			);
			defaultConfigurationIsVisible = 0;
			defaultConfigurationName = Release;
		};
		18106EFC1D914C9B0017A17D /* Build configuration list for PBXNativeTarget "Weather" */ = {
			isa = XCConfigurationList;
			buildConfigurations = (
				18106EFD1D914C9B0017A17D /* Debug */,
				18106EFE1D914C9B0017A17D /* Release */,
			);
			defaultConfigurationIsVisible = 0;
			defaultConfigurationName = Release;
		};
/* End XCConfigurationList section */
	};
	rootObject = 18106EE21D914C9B0017A17D /* Project object */;
}
